
Microsoft Visual Studio Solution File, Format Version 12.00
# Visual Studio Version 17
VisualStudioVersion = 17.8.34330.188
MinimumVisualStudioVersion = 10.0.40219.1
Project("{9A19103F-16F7-4668-BE54-9A1E7A4F7556}") = "AssinaAiApi", "AssinaAiApi.csproj", "{96051DCF-B943-4E63-A87E-366A657E3591}"
EndProject
Project("{2150E333-8FDC-42A3-9474-1A3956D46DE8}") = "BusinessEntities", "BusinessEntities", "{3292504A-AA65-4D07-AD3D-7F5952432828}"
EndProject
Project("{2150E333-8FDC-42A3-9474-1A3956D46DE8}") = "BusinessRules", "BusinessRules", "{E4CAB40A-3E8B-48D4-8243-F5178FE16DDC}"
EndProject
Project("{FAE04EC0-301F-11D3-BF4B-00C04F79EFBC}") = "AssinaAi.BusinessEntities", "..\AssinaAi.BusinessEntities\AssinaAi.BusinessEntities.csproj", "{C17B3FC1-FDA3-4579-9B24-FF14E145E111}"
EndProject
Global
	GlobalSection(SolutionConfigurationPlatforms) = preSolution
		Debug|Any CPU = Debug|Any CPU
		Release|Any CPU = Release|Any CPU
	EndGlobalSection
	GlobalSection(ProjectConfigurationPlatforms) = postSolution
		{96051DCF-B943-4E63-A87E-366A657E3591}.Debug|Any CPU.ActiveCfg = Debug|Any CPU
		{96051DCF-B943-4E63-A87E-366A657E3591}.Debug|Any CPU.Build.0 = Debug|Any CPU
		{96051DCF-B943-4E63-A87E-366A657E3591}.Release|Any CPU.ActiveCfg = Release|Any CPU
		{96051DCF-B943-4E63-A87E-366A657E3591}.Release|Any CPU.Build.0 = Release|Any CPU
		{C17B3FC1-FDA3-4579-9B24-FF14E145E111}.Debug|Any CPU.ActiveCfg = Debug|Any CPU
		{C17B3FC1-FDA3-4579-9B24-FF14E145E111}.Debug|Any CPU.Build.0 = Debug|Any CPU
		{C17B3FC1-FDA3-4579-9B24-FF14E145E111}.Release|Any CPU.ActiveCfg = Release|Any CPU
		{C17B3FC1-FDA3-4579-9B24-FF14E145E111}.Release|Any CPU.Build.0 = Release|Any CPU
	EndGlobalSection
	GlobalSection(SolutionProperties) = preSolution
		HideSolutionNode = FALSE
	EndGlobalSection
	GlobalSection(NestedProjects) = preSolution
		{C17B3FC1-FDA3-4579-9B24-FF14E145E111} = {3292504A-AA65-4D07-AD3D-7F5952432828}
	EndGlobalSection
	GlobalSection(ExtensibilityGlobals) = postSolution
		SolutionGuid = {8DC8D6E6-EC95-4778-8B23-BFFF6FD3A8CA}
	EndGlobalSection
EndGlobal
